{
  "name": "Project",
  "version": "1.0.0",
  "lockfileVersion": 1,
  "requires": true,
  "dependencies": {
    "harlem-shake": {
      "version": "1.0.3",
      "resolved": "https://registry.npmjs.org/harlem-shake/-/harlem-shake-1.0.3.tgz",
      "integrity": "sha512-65g64OdsAFpJ3CJ9xM5IikzPb26t6jRNaETTl7mq9rzA8jYHCIMX1r8QH6nui9IkTGu4izBoOC+/HPSGE0/hYg=="
    }
  }
}
